// !$*UTF8*$!
{
	archiveVersion = 1;
	classes = {
	};
	objectVersion = 48;
	objects = {

/* Begin PBXBuildFile section */
		AF105FAC2054A9DA00197543 /* main.cpp in Sources */ = {isa = PBXBuildFile; fileRef = AF105FAB2054A9DA00197543 /* main.cpp */; };
		AF105FB32054AA0700197543 /* Tokenizer.cpp in Sources */ = {isa = PBXBuildFile; fileRef = AF105FB22054AA0700197543 /* Tokenizer.cpp */; };
		AF105FB82054AAEC00197543 /* WordList.cpp in Sources */ = {isa = PBXBuildFile; fileRef = AF105FB62054AAEC00197543 /* WordList.cpp */; };
		AF105FBA2054AB1A00197543 /* Decrypter.cpp in Sources */ = {isa = PBXBuildFile; fileRef = AF105FB92054AB1A00197543 /* Decrypter.cpp */; };
		AF105FBC2054AB4100197543 /* Translator.cpp in Sources */ = {isa = PBXBuildFile; fileRef = AF105FBB2054AB4100197543 /* Translator.cpp */; };
/* End PBXBuildFile section */

/* Begin PBXCopyFilesBuildPhase section */
		AF105FA62054A9DA00197543 /* CopyFiles */ = {
			isa = PBXCopyFilesBuildPhase;
			buildActionMask = 2147483647;
			dstPath = /usr/share/man/man1/;
			dstSubfolderSpec = 0;
			files = (
			);
			runOnlyForDeploymentPostprocessing = 1;
		};
/* End PBXCopyFilesBuildPhase section */

/* Begin PBXFileReference section */
		AF105FA82054A9DA00197543 /* CS32-Proj4 */ = {isa = PBXFileReference; explicitFileType = "compiled.mach-o.executable"; includeInIndex = 0; path = "CS32-Proj4"; sourceTree = BUILT_PRODUCTS_DIR; };
		AF105FAB2054A9DA00197543 /* main.cpp */ = {isa = PBXFileReference; lastKnownFileType = sourcecode.cpp.cpp; path = main.cpp; sourceTree = "<group>"; };
		AF105FB22054AA0700197543 /* Tokenizer.cpp */ = {isa = PBXFileReference; lastKnownFileType = sourcecode.cpp.cpp; path = Tokenizer.cpp; sourceTree = "<group>"; };
		AF105FB42054AA6800197543 /* MyHash.h */ = {isa = PBXFileReference; lastKnownFileType = sourcecode.c.h; path = MyHash.h; sourceTree = "<group>"; };
		AF105FB52054AAC000197543 /* wordlist.txt */ = {isa = PBXFileReference; fileEncoding = 4; lastKnownFileType = text; name = wordlist.txt; path = ../../../Downloads/skeleton/wordlist.txt; sourceTree = "<group>"; };
		AF105FB62054AAEC00197543 /* WordList.cpp */ = {isa = PBXFileReference; lastKnownFileType = sourcecode.cpp.cpp; path = WordList.cpp; sourceTree = "<group>"; };
		AF105FB92054AB1A00197543 /* Decrypter.cpp */ = {isa = PBXFileReference; lastKnownFileType = sourcecode.cpp.cpp; path = Decrypter.cpp; sourceTree = "<group>"; };
		AF105FBB2054AB4100197543 /* Translator.cpp */ = {isa = PBXFileReference; lastKnownFileType = sourcecode.cpp.cpp; path = Translator.cpp; sourceTree = "<group>"; };
		AF105FBD2054AB5100197543 /* provided.h */ = {isa = PBXFileReference; lastKnownFileType = sourcecode.c.h; path = provided.h; sourceTree = "<group>"; };
/* End PBXFileReference section */

/* Begin PBXFrameworksBuildPhase section */
		AF105FA52054A9DA00197543 /* Frameworks */ = {
			isa = PBXFrameworksBuildPhase;
			buildActionMask = 2147483647;
			files = (
			);
			runOnlyForDeploymentPostprocessing = 0;
		};
/* End PBXFrameworksBuildPhase section */

/* Begin PBXGroup section */
		AF105F9F2054A9DA00197543 = {
			isa = PBXGroup;
			children = (
				AF105FAA2054A9DA00197543 /* CS32-Proj4 */,
				AF105FA92054A9DA00197543 /* Products */,
			);
			sourceTree = "<group>";
		};
		AF105FA92054A9DA00197543 /* Products */ = {
			isa = PBXGroup;
			children = (
				AF105FA82054A9DA00197543 /* CS32-Proj4 */,
			);
			name = Products;
			sourceTree = "<group>";
		};
		AF105FAA2054A9DA00197543 /* CS32-Proj4 */ = {
			isa = PBXGroup;
			children = (
				AF105FB52054AAC000197543 /* wordlist.txt */,
				AF105FAB2054A9DA00197543 /* main.cpp */,
				AF105FB22054AA0700197543 /* Tokenizer.cpp */,
				AF105FB42054AA6800197543 /* MyHash.h */,
				AF105FB62054AAEC00197543 /* WordList.cpp */,
				AF105FB92054AB1A00197543 /* Decrypter.cpp */,
				AF105FBB2054AB4100197543 /* Translator.cpp */,
				AF105FBD2054AB5100197543 /* provided.h */,
			);
			path = "CS32-Proj4";
			sourceTree = "<group>";
		};
/* End PBXGroup section */

/* Begin PBXNativeTarget section */
		AF105FA72054A9DA00197543 /* CS32-Proj4 */ = {
			isa = PBXNativeTarget;
			buildConfigurationList = AF105FAF2054A9DA00197543 /* Build configuration list for PBXNativeTarget "CS32-Proj4" */;
			buildPhases = (
				AF105FA42054A9DA00197543 /* Sources */,
				AF105FA52054A9DA00197543 /* Frameworks */,
				AF105FA62054A9DA00197543 /* CopyFiles */,
			);
			buildRules = (
			);
			dependencies = (
			);
			name = "CS32-Proj4";
			productName = "CS32-Proj4";
			productReference = AF105FA82054A9DA00197543 /* CS32-Proj4 */;
			productType = "com.apple.product-type.tool";
		};
/* End PBXNativeTarget section */

/* Begin PBXProject section */
		AF105FA02054A9DA00197543 /* Project object */ = {
			isa = PBXProject;
			attributes = {
				LastUpgradeCheck = 0920;
				ORGANIZATIONNAME = "Jack Van Boening";
				TargetAttributes = {
					AF105FA72054A9DA00197543 = {
						CreatedOnToolsVersion = 9.2;
						ProvisioningStyle = Automatic;
					};
				};
			};
			buildConfigurationList = AF105FA32054A9DA00197543 /* Build configuration list for PBXProject "CS32-Proj4" */;
			compatibilityVersion = "Xcode 8.0";
			developmentRegion = en;
			hasScannedForEncodings = 0;
			knownRegions = (
				en,
			);
			mainGroup = AF105F9F2054A9DA00197543;
			productRefGroup = AF105FA92054A9DA00197543 /* Products */;
			projectDirPath = "";
			projectRoot = "";
			targets = (
				AF105FA72054A9DA00197543 /* CS32-Proj4 */,
			);
		};
/* End PBXProject section */

/* Begin PBXSourcesBuildPhase section */
		AF105FA42054A9DA00197543 /* Sources */ = {
			isa = PBXSourcesBuildPhase;
			buildActionMask = 2147483647;
			files = (
				AF105FB82054AAEC00197543 /* WordList.cpp in Sources */,
				AF105FBC2054AB4100197543 /* Translator.cpp in Sources */,
				AF105FAC2054A9DA00197543 /* main.cpp in Sources */,
				AF105FBA2054AB1A00197543 /* Decrypter.cpp in Sources */,
				AF105FB32054AA0700197543 /* Tokenizer.cpp in Sources */,
			);
			runOnlyForDeploymentPostprocessing = 0;
		};
/* End PBXSourcesBuildPhase section */

/* Begin XCBuildConfiguration section */
		AF105FAD2054A9DA00197543 /* Debug */ = {
			isa = XCBuildConfiguration;
			buildSettings = {
				ALWAYS_SEARCH_USER_PATHS = NO;
				CLANG_ANALYZER_NONNULL = YES;
				CLANG_ANALYZER_NUMBER_OBJECT_CONVERSION = YES_AGGRESSIVE;
				CLANG_CXX_LANGUAGE_STANDARD = "gnu++14";
				CLANG_CXX_LIBRARY = "libc++";
				CLANG_ENABLE_MODULES = YES;
				CLANG_ENABLE_OBJC_ARC = YES;
				CLANG_WARN_BLOCK_CAPTURE_AUTORELEASING = YES;
				CLANG_WARN_BOOL_CONVERSION = YES;
				CLANG_WARN_COMMA = YES;
				CLANG_WARN_CONSTANT_CONVERSION = YES;
				CLANG_WARN_DIRECT_OBJC_ISA_USAGE = YES_ERROR;
				CLANG_WARN_DOCUMENTATION_COMMENTS = YES;
				CLANG_WARN_EMPTY_BODY = YES;
				CLANG_WARN_ENUM_CONVERSION = YES;
				CLANG_WARN_INFINITE_RECURSION = YES;
				CLANG_WARN_INT_CONVERSION = YES;
				CLANG_WARN_NON_LITERAL_NULL_CONVERSION = YES;
				CLANG_WARN_OBJC_LITERAL_CONVERSION = YES;
				CLANG_WARN_OBJC_ROOT_CLASS = YES_ERROR;
				CLANG_WARN_RANGE_LOOP_ANALYSIS = YES;
				CLANG_WARN_STRICT_PROTOTYPES = YES;
				CLANG_WARN_SUSPICIOUS_MOVE = YES;
				CLANG_WARN_UNGUARDED_AVAILABILITY = YES_AGGRESSIVE;
				CLANG_WARN_UNREACHABLE_CODE = YES;
				CLANG_WARN__DUPLICATE_METHOD_MATCH = YES;
				CODE_SIGN_IDENTITY = "Mac Developer";
				COPY_PHASE_STRIP = NO;
				DEBUG_INFORMATION_FORMAT = dwarf;
				ENABLE_STRICT_OBJC_MSGSEND = YES;
				ENABLE_TESTABILITY = YES;
				GCC_C_LANGUAGE_STANDARD = gnu11;
				GCC_DYNAMIC_NO_PIC = NO;
				GCC_NO_COMMON_BLOCKS = YES;
				GCC_OPTIMIZATION_LEVEL = 0;
				GCC_PREPROCESSOR_DEFINITIONS = (
					"DEBUG=1",
					"$(inherited)",
				);
				GCC_WARN_64_TO_32_BIT_CONVERSION = YES;
				GCC_WARN_ABOUT_RETURN_TYPE = YES_ERROR;
				GCC_WARN_UNDECLARED_SELECTOR = YES;
				GCC_WARN_UNINITIALIZED_AUTOS = YES_AGGRESSIVE;
				GCC_WARN_UNUSED_FUNCTION = YES;
				GCC_WARN_UNUSED_VARIABLE = YES;
				MACOSX_DEPLOYMENT_TARGET = 10.12;
				MTL_ENABLE_DEBUG_INFO = YES;
				ONLY_ACTIVE_ARCH = YES;
				SDKROOT = macosx;
			};
			name = Debug;
		};
		AF105FAE2054A9DA00197543 /* Release */ = {
			isa = XCBuildConfiguration;
			buildSettings = {
				ALWAYS_SEARCH_USER_PATHS = NO;
				CLANG_ANALYZER_NONNULL = YES;
				CLANG_ANALYZER_NUMBER_OBJECT_CONVERSION = YES_AGGRESSIVE;
				CLANG_CXX_LANGUAGE_STANDARD = "gnu++14";
				CLANG_CXX_LIBRARY = "libc++";
				CLANG_ENABLE_MODULES = YES;
				CLANG_ENABLE_OBJC_ARC = YES;
				CLANG_WARN_BLOCK_CAPTURE_AUTORELEASING = YES;
				CLANG_WARN_BOOL_CONVERSION = YES;
				CLANG_WARN_COMMA = YES;
				CLANG_WARN_CONSTANT_CONVERSION = YES;
				CLANG_WARN_DIRECT_OBJC_ISA_USAGE = YES_ERROR;
				CLANG_WARN_DOCUMENTATION_COMMENTS = YES;
				CLANG_WARN_EMPTY_BODY = YES;
				CLANG_WARN_ENUM_CONVERSION = YES;
				CLANG_WARN_INFINITE_RECURSION = YES;
				CLANG_WARN_INT_CONVERSION = YES;
				CLANG_WARN_NON_LITERAL_NULL_CONVERSION = YES;
				CLANG_WARN_OBJC_LITERAL_CONVERSION = YES;
				CLANG_WARN_OBJC_ROOT_CLASS = YES_ERROR;
				CLANG_WARN_RANGE_LOOP_ANALYSIS = YES;
				CLANG_WARN_STRICT_PROTOTYPES = YES;
				CLANG_WARN_SUSPICIOUS_MOVE = YES;
				CLANG_WARN_UNGUARDED_AVAILABILITY = YES_AGGRESSIVE;
				CLANG_WARN_UNREACHABLE_CODE = YES;
				CLANG_WARN__DUPLICATE_METHOD_MATCH = YES;
				CODE_SIGN_IDENTITY = "Mac Developer";
				COPY_PHASE_STRIP = NO;
				DEBUG_INFORMATION_FORMAT = "dwarf-with-dsym";
				ENABLE_NS_ASSERTIONS = NO;
				ENABLE_STRICT_OBJC_MSGSEND = YES;
				GCC_C_LANGUAGE_STANDARD = gnu11;
				GCC_NO_COMMON_BLOCKS = YES;
				GCC_WARN_64_TO_32_BIT_CONVERSION = YES;
				GCC_WARN_ABOUT_RETURN_TYPE = YES_ERROR;
				GCC_WARN_UNDECLARED_SELECTOR = YES;
				GCC_WARN_UNINITIALIZED_AUTOS = YES_AGGRESSIVE;
				GCC_WARN_UNUSED_FUNCTION = YES;
				GCC_WARN_UNUSED_VARIABLE = YES;
				MACOSX_DEPLOYMENT_TARGET = 10.12;
				MTL_ENABLE_DEBUG_INFO = NO;
				SDKROOT = macosx;
			};
			name = Release;
		};
		AF105FB02054A9DA00197543 /* Debug */ = {
			isa = XCBuildConfiguration;
			buildSettings = {
				CODE_SIGN_STYLE = Automatic;
				DEVELOPMENT_TEAM = 78A7M6RT42;
				PRODUCT_NAME = "$(TARGET_NAME)";
			};
			name = Debug;
		};
		AF105FB12054A9DA00197543 /* Release */ = {
			isa = XCBuildConfiguration;
			buildSettings = {
				CODE_SIGN_STYLE = Automatic;
				DEVELOPMENT_TEAM = 78A7M6RT42;
				PRODUCT_NAME = "$(TARGET_NAME)";
			};
			name = Release;
		};
/* End XCBuildConfiguration section */

/* Begin XCConfigurationList section */
		AF105FA32054A9DA00197543 /* Build configuration list for PBXProject "CS32-Proj4" */ = {
			isa = XCConfigurationList;
			buildConfigurations = (
				AF105FAD2054A9DA00197543 /* Debug */,
				AF105FAE2054A9DA00197543 /* Release */,
			);
			defaultConfigurationIsVisible = 0;
			defaultConfigurationName = Release;
		};
		AF105FAF2054A9DA00197543 /* Build configuration list for PBXNativeTarget "CS32-Proj4" */ = {
			isa = XCConfigurationList;
			buildConfigurations = (
				AF105FB02054A9DA00197543 /* Debug */,
				AF105FB12054A9DA00197543 /* Release */,
			);
			defaultConfigurationIsVisible = 0;
			defaultConfigurationName = Release;
		};
/* End XCConfigurationList section */
	};
	rootObject = AF105FA02054A9DA00197543 /* Project object */;
}
